
Microsoft Visual Studio Solution File, Format Version 12.00
# Visual Studio 15
VisualStudioVersion = 15.0.27428.2015
MinimumVisualStudioVersion = 10.0.40219.1
Project("{FAE04EC0-301F-11D3-BF4B-00C04F79EFBC}") = "SQLite.CodeFirst.Migrations", "SQLite.CodeFirst.Migrations.csproj", "{7CDCDE4E-013D-483E-B8C1-CB940D208182}"
EndProject
Global
	GlobalSection(SolutionConfigurationPlatforms) = preSolution
		Debug|Any CPU = Debug|Any CPU
		Release|Any CPU = Release|Any CPU
	EndGlobalSection
	GlobalSection(ProjectConfigurationPlatforms) = postSolution
		{7CDCDE4E-013D-483E-B8C1-CB940D208182}.Debug|Any CPU.ActiveCfg = Debug|Any CPU
		{7CDCDE4E-013D-483E-B8C1-CB940D208182}.Debug|Any CPU.Build.0 = Debug|Any CPU
		{7CDCDE4E-013D-483E-B8C1-CB940D208182}.Release|Any CPU.ActiveCfg = Release|Any CPU
		{7CDCDE4E-013D-483E-B8C1-CB940D208182}.Release|Any CPU.Build.0 = Release|Any CPU
	EndGlobalSection
	GlobalSection(SolutionProperties) = preSolution
		HideSolutionNode = FALSE
	EndGlobalSection
	GlobalSection(ExtensibilityGlobals) = postSolution
		SolutionGuid = {20CB6174-246A-4687-AA55-EB8E4B5663D7}
	EndGlobalSection
EndGlobal
